
Microsoft Visual Studio Solution File, Format Version 12.00
# Visual Studio Version 17
VisualStudioVersion = 17.3.32929.385
MinimumVisualStudioVersion = 10.0.40219.1
Project("{9A19103F-16F7-4668-BE54-9A1E7A4F7556}") = "BusinessObject", "BusinessObject\BusinessObject.csproj", "{374FDAFB-C198-46D7-8AD1-507EE444D73B}"
EndProject
Project("{9A19103F-16F7-4668-BE54-9A1E7A4F7556}") = "HotelHousekeepingApp", "HotelHousekeepingApp\HotelHousekeepingApp.csproj", "{186FCF21-AA85-4350-BFD0-EA822E723B80}"
EndProject
Project("{FAE04EC0-301F-11D3-BF4B-00C04F79EFBC}") = "DataAccessing", "DataAccessing\DataAccessing.csproj", "{04A57FBE-224A-44C3-8540-DD6667D2566E}"
EndProject
Global
	GlobalSection(SolutionConfigurationPlatforms) = preSolution
		Debug|Any CPU = Debug|Any CPU
		Release|Any CPU = Release|Any CPU
	EndGlobalSection
	GlobalSection(ProjectConfigurationPlatforms) = postSolution
		{374FDAFB-C198-46D7-8AD1-507EE444D73B}.Debug|Any CPU.ActiveCfg = Debug|Any CPU
		{374FDAFB-C198-46D7-8AD1-507EE444D73B}.Debug|Any CPU.Build.0 = Debug|Any CPU
		{374FDAFB-C198-46D7-8AD1-507EE444D73B}.Release|Any CPU.ActiveCfg = Release|Any CPU
		{374FDAFB-C198-46D7-8AD1-507EE444D73B}.Release|Any CPU.Build.0 = Release|Any CPU
		{186FCF21-AA85-4350-BFD0-EA822E723B80}.Debug|Any CPU.ActiveCfg = Debug|Any CPU
		{186FCF21-AA85-4350-BFD0-EA822E723B80}.Debug|Any CPU.Build.0 = Debug|Any CPU
		{186FCF21-AA85-4350-BFD0-EA822E723B80}.Release|Any CPU.ActiveCfg = Release|Any CPU
		{186FCF21-AA85-4350-BFD0-EA822E723B80}.Release|Any CPU.Build.0 = Release|Any CPU
		{04A57FBE-224A-44C3-8540-DD6667D2566E}.Debug|Any CPU.ActiveCfg = Debug|Any CPU
		{04A57FBE-224A-44C3-8540-DD6667D2566E}.Debug|Any CPU.Build.0 = Debug|Any CPU
		{04A57FBE-224A-44C3-8540-DD6667D2566E}.Release|Any CPU.ActiveCfg = Release|Any CPU
		{04A57FBE-224A-44C3-8540-DD6667D2566E}.Release|Any CPU.Build.0 = Release|Any CPU
	EndGlobalSection
	GlobalSection(SolutionProperties) = preSolution
		HideSolutionNode = FALSE
	EndGlobalSection
	GlobalSection(ExtensibilityGlobals) = postSolution
		SolutionGuid = {4E538CE7-9F08-4E46-9E31-2C991156E0B8}
	EndGlobalSection
EndGlobal
